
Microsoft Visual Studio Solution File, Format Version 12.00
# Visual Studio 15
VisualStudioVersion = 15.0.27703.2018
MinimumVisualStudioVersion = 10.0.40219.1
Project("{9A19103F-16F7-4668-BE54-9A1E7A4F7556}") = "BigChange.MassTransit.AwsKeyManagementService", "src\BigChange.MassTransit.AwsKeyManagementService\BigChange.MassTransit.AwsKeyManagementService.csproj", "{DC772973-8EAB-47BE-9204-8525AA1BEDCB}"
EndProject
Project("{FAE04EC0-301F-11D3-BF4B-00C04F79EFBC}") = "BigChange.MassTransit.AwsKeyManagementService.Tests", "test\BigChange.MassTransit.AwsKeyManagementService.Tests\BigChange.MassTransit.AwsKeyManagementService.Tests.csproj", "{2786AAAF-8496-4A18-848E-EB22C27B5C22}"
EndProject
Global
	GlobalSection(SolutionConfigurationPlatforms) = preSolution
		Debug|Any CPU = Debug|Any CPU
		Release|Any CPU = Release|Any CPU
	EndGlobalSection
	GlobalSection(ProjectConfigurationPlatforms) = postSolution
		{DC772973-8EAB-47BE-9204-8525AA1BEDCB}.Debug|Any CPU.ActiveCfg = Debug|Any CPU
		{DC772973-8EAB-47BE-9204-8525AA1BEDCB}.Debug|Any CPU.Build.0 = Debug|Any CPU
		{DC772973-8EAB-47BE-9204-8525AA1BEDCB}.Release|Any CPU.ActiveCfg = Release|Any CPU
		{DC772973-8EAB-47BE-9204-8525AA1BEDCB}.Release|Any CPU.Build.0 = Release|Any CPU
		{2786AAAF-8496-4A18-848E-EB22C27B5C22}.Debug|Any CPU.ActiveCfg = Debug|Any CPU
		{2786AAAF-8496-4A18-848E-EB22C27B5C22}.Debug|Any CPU.Build.0 = Debug|Any CPU
		{2786AAAF-8496-4A18-848E-EB22C27B5C22}.Release|Any CPU.ActiveCfg = Release|Any CPU
		{2786AAAF-8496-4A18-848E-EB22C27B5C22}.Release|Any CPU.Build.0 = Release|Any CPU
	EndGlobalSection
	GlobalSection(SolutionProperties) = preSolution
		HideSolutionNode = FALSE
	EndGlobalSection
	GlobalSection(ExtensibilityGlobals) = postSolution
		SolutionGuid = {95448AE3-10F4-49B5-A804-78D8DA081F91}
	EndGlobalSection
EndGlobal
